{
  "object": {
    "pins": [
      {
        "package": "Astral",
        "repositoryURL": "https://github.com/xiangyu-sun/Astral.git",
        "state": {
          "branch": null,
          "revision": "e9d873f744021db6f69a06877562ee0ed1091360",
          "version": "1.2.0"
        }
      },
      {
        "package": "ChineseAstrologyCalendar",
        "repositoryURL": "https://github.com/xiangyu-sun/ChineseAstrologyCalendar.git",
        "state": {
          "branch": null,
          "revision": "a7dec19907cf855ced804b5be282a8bead06902c",
          "version": "4.1.0"
        }
      },
      {
        "package": "MusicTheory",
        "repositoryURL": "https://github.com/xiangyu-sun/MusicTheory",
        "state": {
          "branch": "master",
          "revision": "848677cde4c93681010a8e80dc524b322f37f549",
          "version": null
        }
      },
      {
        "package": "AirbnbSwift",
        "repositoryURL": "https://github.com/airbnb/swift",
        "state": {
          "branch": null,
          "revision": "6c09dd57c2254b14bb48c15e209ed6e93058104f",
          "version": "1.2.0"
        }
      },
      {
        "package": "swift-argument-parser",
        "repositoryURL": "https://github.com/apple/swift-argument-parser",
        "state": {
          "branch": null,
          "revision": "6a52f3251125d74daf04fcbd5e6f08a75d074382",
          "version": "1.8.2"
        }
      },
      {
        "package": "swift-numerics",
        "repositoryURL": "https://github.com/apple/swift-numerics",
        "state": {
          "branch": null,
          "revision": "0c0290ff6b24942dadb83a929ffaaa1481df04a2",
          "version": "1.1.1"
        }
      }
    ]
  },
  "version": 1
}
